
Microsoft Visual Studio Solution File, Format Version 12.00
# Visual Studio 15
VisualStudioVersion = 15.0.26403.7
MinimumVisualStudioVersion = 10.0.40219.1
Project("{FAE04EC0-301F-11D3-BF4B-00C04F79EFBC}") = "Lonline02", "Lonline02\Lonline02.csproj", "{1BB2DE92-3513-4526-A411-86F172E69E16}"
EndProject
Project("{FAE04EC0-301F-11D3-BF4B-00C04F79EFBC}") = "MyVariables", "MyVariables\MyVariables.csproj", "{02FFC97F-AEEC-4540-92D7-F292730E8E9B}"
EndProject
Project("{FAE04EC0-301F-11D3-BF4B-00C04F79EFBC}") = "DTFloatPointTypes", "DTFloatPointTypes\DTFloatPointTypes.csproj", "{BEB6510F-48EB-4BEC-A18E-12395A780887}"
EndProject
Project("{FAE04EC0-301F-11D3-BF4B-00C04F79EFBC}") = "DataTypes", "DataTypes\DataTypes.csproj", "{8FF69B34-1CA2-46EC-900B-464625DF0348}"
EndProject
Project("{FAE04EC0-301F-11D3-BF4B-00C04F79EFBC}") = "Literal_Char", "Literal_Char\Literal_Char.csproj", "{4E9BB69F-9B1C-4885-B93D-FF8F2C5D4DA5}"
EndProject
Project("{FAE04EC0-301F-11D3-BF4B-00C04F79EFBC}") = "StringType", "StringType\StringType.csproj", "{5781CD88-E533-4AC7-97A5-E2EF6E6D74D2}"
EndProject
Global
	GlobalSection(SolutionConfigurationPlatforms) = preSolution
		Debug|Any CPU = Debug|Any CPU
		Release|Any CPU = Release|Any CPU
	EndGlobalSection
	GlobalSection(ProjectConfigurationPlatforms) = postSolution
		{1BB2DE92-3513-4526-A411-86F172E69E16}.Debug|Any CPU.ActiveCfg = Debug|Any CPU
		{1BB2DE92-3513-4526-A411-86F172E69E16}.Debug|Any CPU.Build.0 = Debug|Any CPU
		{1BB2DE92-3513-4526-A411-86F172E69E16}.Release|Any CPU.ActiveCfg = Release|Any CPU
		{1BB2DE92-3513-4526-A411-86F172E69E16}.Release|Any CPU.Build.0 = Release|Any CPU
		{02FFC97F-AEEC-4540-92D7-F292730E8E9B}.Debug|Any CPU.ActiveCfg = Debug|Any CPU
		{02FFC97F-AEEC-4540-92D7-F292730E8E9B}.Debug|Any CPU.Build.0 = Debug|Any CPU
		{02FFC97F-AEEC-4540-92D7-F292730E8E9B}.Release|Any CPU.ActiveCfg = Release|Any CPU
		{02FFC97F-AEEC-4540-92D7-F292730E8E9B}.Release|Any CPU.Build.0 = Release|Any CPU
		{BEB6510F-48EB-4BEC-A18E-12395A780887}.Debug|Any CPU.ActiveCfg = Debug|Any CPU
		{BEB6510F-48EB-4BEC-A18E-12395A780887}.Debug|Any CPU.Build.0 = Debug|Any CPU
		{BEB6510F-48EB-4BEC-A18E-12395A780887}.Release|Any CPU.ActiveCfg = Release|Any CPU
		{BEB6510F-48EB-4BEC-A18E-12395A780887}.Release|Any CPU.Build.0 = Release|Any CPU
		{8FF69B34-1CA2-46EC-900B-464625DF0348}.Debug|Any CPU.ActiveCfg = Debug|Any CPU
		{8FF69B34-1CA2-46EC-900B-464625DF0348}.Debug|Any CPU.Build.0 = Debug|Any CPU
		{8FF69B34-1CA2-46EC-900B-464625DF0348}.Release|Any CPU.ActiveCfg = Release|Any CPU
		{8FF69B34-1CA2-46EC-900B-464625DF0348}.Release|Any CPU.Build.0 = Release|Any CPU
		{4E9BB69F-9B1C-4885-B93D-FF8F2C5D4DA5}.Debug|Any CPU.ActiveCfg = Debug|Any CPU
		{4E9BB69F-9B1C-4885-B93D-FF8F2C5D4DA5}.Debug|Any CPU.Build.0 = Debug|Any CPU
		{4E9BB69F-9B1C-4885-B93D-FF8F2C5D4DA5}.Release|Any CPU.ActiveCfg = Release|Any CPU
		{4E9BB69F-9B1C-4885-B93D-FF8F2C5D4DA5}.Release|Any CPU.Build.0 = Release|Any CPU
		{5781CD88-E533-4AC7-97A5-E2EF6E6D74D2}.Debug|Any CPU.ActiveCfg = Debug|Any CPU
		{5781CD88-E533-4AC7-97A5-E2EF6E6D74D2}.Debug|Any CPU.Build.0 = Debug|Any CPU
		{5781CD88-E533-4AC7-97A5-E2EF6E6D74D2}.Release|Any CPU.ActiveCfg = Release|Any CPU
		{5781CD88-E533-4AC7-97A5-E2EF6E6D74D2}.Release|Any CPU.Build.0 = Release|Any CPU
	EndGlobalSection
	GlobalSection(SolutionProperties) = preSolution
		HideSolutionNode = FALSE
	EndGlobalSection
EndGlobal
